
Microsoft Visual Studio Solution File, Format Version 12.00
# Visual Studio Version 16
VisualStudioVersion = 16.0.29609.76
MinimumVisualStudioVersion = 10.0.40219.1
Project("{9A19103F-16F7-4668-BE54-9A1E7A4F7556}") = "Truck.Application", "Truck.Application\Truck.Application.csproj", "{B9E78E58-78B2-4C3B-893D-E9231214A32F}"
EndProject
Project("{9A19103F-16F7-4668-BE54-9A1E7A4F7556}") = "Truck.Domain", "Truck.Domain\Truck.Domain.csproj", "{3D2BF182-82D9-4FDF-8E8E-E98178213E9C}"
EndProject
Project("{9A19103F-16F7-4668-BE54-9A1E7A4F7556}") = "Truck.Infra", "Truck.Infra\Truck.Infra.csproj", "{65EEACA1-D120-4526-9820-00FF25E099D3}"
EndProject
Project("{9A19103F-16F7-4668-BE54-9A1E7A4F7556}") = "Truck.Service", "Truck.Service\Truck.Service.csproj", "{E10C89E6-8040-4BE2-8DDC-FB136360ADCA}"
EndProject
Project("{FAE04EC0-301F-11D3-BF4B-00C04F79EFBC}") = "Truck.Tests", "Truck.Tests\Truck.Tests.csproj", "{DD362D19-ABF5-4E9A-A6D5-1981B91D3ADD}"
EndProject
Global
	GlobalSection(SolutionConfigurationPlatforms) = preSolution
		Debug|Any CPU = Debug|Any CPU
		Release|Any CPU = Release|Any CPU
	EndGlobalSection
	GlobalSection(ProjectConfigurationPlatforms) = postSolution
		{B9E78E58-78B2-4C3B-893D-E9231214A32F}.Debug|Any CPU.ActiveCfg = Debug|Any CPU
		{B9E78E58-78B2-4C3B-893D-E9231214A32F}.Debug|Any CPU.Build.0 = Debug|Any CPU
		{B9E78E58-78B2-4C3B-893D-E9231214A32F}.Release|Any CPU.ActiveCfg = Release|Any CPU
		{B9E78E58-78B2-4C3B-893D-E9231214A32F}.Release|Any CPU.Build.0 = Release|Any CPU
		{3D2BF182-82D9-4FDF-8E8E-E98178213E9C}.Debug|Any CPU.ActiveCfg = Debug|Any CPU
		{3D2BF182-82D9-4FDF-8E8E-E98178213E9C}.Debug|Any CPU.Build.0 = Debug|Any CPU
		{3D2BF182-82D9-4FDF-8E8E-E98178213E9C}.Release|Any CPU.ActiveCfg = Release|Any CPU
		{3D2BF182-82D9-4FDF-8E8E-E98178213E9C}.Release|Any CPU.Build.0 = Release|Any CPU
		{65EEACA1-D120-4526-9820-00FF25E099D3}.Debug|Any CPU.ActiveCfg = Debug|Any CPU
		{65EEACA1-D120-4526-9820-00FF25E099D3}.Debug|Any CPU.Build.0 = Debug|Any CPU
		{65EEACA1-D120-4526-9820-00FF25E099D3}.Release|Any CPU.ActiveCfg = Release|Any CPU
		{65EEACA1-D120-4526-9820-00FF25E099D3}.Release|Any CPU.Build.0 = Release|Any CPU
		{E10C89E6-8040-4BE2-8DDC-FB136360ADCA}.Debug|Any CPU.ActiveCfg = Debug|Any CPU
		{E10C89E6-8040-4BE2-8DDC-FB136360ADCA}.Debug|Any CPU.Build.0 = Debug|Any CPU
		{E10C89E6-8040-4BE2-8DDC-FB136360ADCA}.Release|Any CPU.ActiveCfg = Release|Any CPU
		{E10C89E6-8040-4BE2-8DDC-FB136360ADCA}.Release|Any CPU.Build.0 = Release|Any CPU
		{DD362D19-ABF5-4E9A-A6D5-1981B91D3ADD}.Debug|Any CPU.ActiveCfg = Debug|Any CPU
		{DD362D19-ABF5-4E9A-A6D5-1981B91D3ADD}.Debug|Any CPU.Build.0 = Debug|Any CPU
		{DD362D19-ABF5-4E9A-A6D5-1981B91D3ADD}.Release|Any CPU.ActiveCfg = Release|Any CPU
		{DD362D19-ABF5-4E9A-A6D5-1981B91D3ADD}.Release|Any CPU.Build.0 = Release|Any CPU
	EndGlobalSection
	GlobalSection(SolutionProperties) = preSolution
		HideSolutionNode = FALSE
	EndGlobalSection
	GlobalSection(ExtensibilityGlobals) = postSolution
		SolutionGuid = {955357DE-B939-4AFE-A758-8558EDC98EB2}
	EndGlobalSection
EndGlobal
